
Microsoft Visual Studio Solution File, Format Version 12.00
# Visual Studio Version 17
VisualStudioVersion = 17.0.31903.59
MinimumVisualStudioVersion = 10.0.40219.1
Project("{FAE04EC0-301F-11D3-BF4B-00C04F79EFBC}") = "SyncFusionLiveTest", "SyncFusionLiveTest\SyncFusionLiveTest.csproj", "{BFD52A0A-F74E-4D4B-B333-E059F4A36E64}"
EndProject
Global
	GlobalSection(SolutionConfigurationPlatforms) = preSolution
		Debug|Any CPU = Debug|Any CPU
		Release|Any CPU = Release|Any CPU
	EndGlobalSection
	GlobalSection(ProjectConfigurationPlatforms) = postSolution
		{BFD52A0A-F74E-4D4B-B333-E059F4A36E64}.Debug|Any CPU.ActiveCfg = Debug|Any CPU
		{BFD52A0A-F74E-4D4B-B333-E059F4A36E64}.Debug|Any CPU.Build.0 = Debug|Any CPU
		{BFD52A0A-F74E-4D4B-B333-E059F4A36E64}.Release|Any CPU.ActiveCfg = Release|Any CPU
		{BFD52A0A-F74E-4D4B-B333-E059F4A36E64}.Release|Any CPU.Build.0 = Release|Any CPU
	EndGlobalSection
	GlobalSection(SolutionProperties) = preSolution
		HideSolutionNode = FALSE
	EndGlobalSection
	GlobalSection(ExtensibilityGlobals) = postSolution
		SolutionGuid = {4F5B9A43-E843-4E98-9019-58033544B830}
	EndGlobalSection
EndGlobal
